
Microsoft Visual Studio Solution File, Format Version 12.00
# Visual Studio 15
VisualStudioVersion = 15.0.27130.2027
MinimumVisualStudioVersion = 10.0.40219.1
Project("{FAE04EC0-301F-11D3-BF4B-00C04F79EFBC}") = "RoutePlannerApp", "RoutePlannerApp\RoutePlannerApp.csproj", "{DD2E50A9-F2DE-490E-A958-A4FF22614865}"
EndProject
Project("{2150E333-8FDC-42A3-9474-1A3956D46DE8}") = "Solution Items", "Solution Items", "{58A33401-2EF9-4B81-A7A9-A5A1A367D6A4}"
EndProject
Global
	GlobalSection(SolutionConfigurationPlatforms) = preSolution
		Debug|Any CPU = Debug|Any CPU
		DefaultBuild|Any CPU = DefaultBuild|Any CPU
		Release|Any CPU = Release|Any CPU
	EndGlobalSection
	GlobalSection(ProjectConfigurationPlatforms) = postSolution
		{DD2E50A9-F2DE-490E-A958-A4FF22614865}.Debug|Any CPU.ActiveCfg = Debug|Any CPU
		{DD2E50A9-F2DE-490E-A958-A4FF22614865}.Debug|Any CPU.Build.0 = Debug|Any CPU
		{DD2E50A9-F2DE-490E-A958-A4FF22614865}.DefaultBuild|Any CPU.ActiveCfg = Debug|Any CPU
		{DD2E50A9-F2DE-490E-A958-A4FF22614865}.DefaultBuild|Any CPU.Build.0 = Debug|Any CPU
		{DD2E50A9-F2DE-490E-A958-A4FF22614865}.Release|Any CPU.ActiveCfg = Release|Any CPU
		{DD2E50A9-F2DE-490E-A958-A4FF22614865}.Release|Any CPU.Build.0 = Release|Any CPU
	EndGlobalSection
	GlobalSection(SolutionProperties) = preSolution
		HideSolutionNode = FALSE
	EndGlobalSection
	GlobalSection(ExtensibilityGlobals) = postSolution
		SolutionGuid = {2F4BA0C1-8D2E-46BD-A861-0D9A7712710A}
	EndGlobalSection
EndGlobal
